
Microsoft Visual Studio Solution File, Format Version 12.00
# Visual Studio Version 17
VisualStudioVersion = 17.0.31903.59
MinimumVisualStudioVersion = 10.0.40219.1
Project("{2150E333-8FDC-42A3-9474-1A3956D46DE8}") = "src", "src", "{827E0CD3-B72D-47B6-A68D-7590B98EB39B}"
EndProject
Project("{FAE04EC0-301F-11D3-BF4B-00C04F79EFBC}") = "ECommerce.Api", "src\ECommerce.Api\ECommerce.Api.csproj", "{F5F214C9-1856-419A-8710-928B2F758BFF}"
EndProject
Project("{FAE04EC0-301F-11D3-BF4B-00C04F79EFBC}") = "ECommerce.Application", "src\ECommerce.Application\ECommerce.Application.csproj", "{7B4C7147-8EEF-453C-ADC8-702702750FC1}"
EndProject
Project("{FAE04EC0-301F-11D3-BF4B-00C04F79EFBC}") = "ECommerce.Domain", "src\ECommerce.Domain\ECommerce.Domain.csproj", "{128926E9-FCAC-4FD7-BE2C-0F9107634A89}"
EndProject
Project("{FAE04EC0-301F-11D3-BF4B-00C04F79EFBC}") = "ECommerce.Infrastructure", "src\ECommerce.Infrastructure\ECommerce.Infrastructure.csproj", "{6B546CD6-C06A-4AA2-951E-941DD40500C7}"
EndProject
Global
	GlobalSection(SolutionConfigurationPlatforms) = preSolution
		Debug|Any CPU = Debug|Any CPU
		Debug|x64 = Debug|x64
		Debug|x86 = Debug|x86
		Release|Any CPU = Release|Any CPU
		Release|x64 = Release|x64
		Release|x86 = Release|x86
	EndGlobalSection
	GlobalSection(ProjectConfigurationPlatforms) = postSolution
		{F5F214C9-1856-419A-8710-928B2F758BFF}.Debug|Any CPU.ActiveCfg = Debug|Any CPU
		{F5F214C9-1856-419A-8710-928B2F758BFF}.Debug|Any CPU.Build.0 = Debug|Any CPU
		{F5F214C9-1856-419A-8710-928B2F758BFF}.Debug|x64.ActiveCfg = Debug|Any CPU
		{F5F214C9-1856-419A-8710-928B2F758BFF}.Debug|x64.Build.0 = Debug|Any CPU
		{F5F214C9-1856-419A-8710-928B2F758BFF}.Debug|x86.ActiveCfg = Debug|Any CPU
		{F5F214C9-1856-419A-8710-928B2F758BFF}.Debug|x86.Build.0 = Debug|Any CPU
		{F5F214C9-1856-419A-8710-928B2F758BFF}.Release|Any CPU.ActiveCfg = Release|Any CPU
		{F5F214C9-1856-419A-8710-928B2F758BFF}.Release|Any CPU.Build.0 = Release|Any CPU
		{F5F214C9-1856-419A-8710-928B2F758BFF}.Release|x64.ActiveCfg = Release|Any CPU
		{F5F214C9-1856-419A-8710-928B2F758BFF}.Release|x64.Build.0 = Release|Any CPU
		{F5F214C9-1856-419A-8710-928B2F758BFF}.Release|x86.ActiveCfg = Release|Any CPU
		{F5F214C9-1856-419A-8710-928B2F758BFF}.Release|x86.Build.0 = Release|Any CPU
		{7B4C7147-8EEF-453C-ADC8-702702750FC1}.Debug|Any CPU.ActiveCfg = Debug|Any CPU
		{7B4C7147-8EEF-453C-ADC8-702702750FC1}.Debug|Any CPU.Build.0 = Debug|Any CPU
		{7B4C7147-8EEF-453C-ADC8-702702750FC1}.Debug|x64.ActiveCfg = Debug|Any CPU
		{7B4C7147-8EEF-453C-ADC8-702702750FC1}.Debug|x64.Build.0 = Debug|Any CPU
		{7B4C7147-8EEF-453C-ADC8-702702750FC1}.Debug|x86.ActiveCfg = Debug|Any CPU
		{7B4C7147-8EEF-453C-ADC8-702702750FC1}.Debug|x86.Build.0 = Debug|Any CPU
		{7B4C7147-8EEF-453C-ADC8-702702750FC1}.Release|Any CPU.ActiveCfg = Release|Any CPU
		{7B4C7147-8EEF-453C-ADC8-702702750FC1}.Release|Any CPU.Build.0 = Release|Any CPU
		{7B4C7147-8EEF-453C-ADC8-702702750FC1}.Release|x64.ActiveCfg = Release|Any CPU
		{7B4C7147-8EEF-453C-ADC8-702702750FC1}.Release|x64.Build.0 = Release|Any CPU
		{7B4C7147-8EEF-453C-ADC8-702702750FC1}.Release|x86.ActiveCfg = Release|Any CPU
		{7B4C7147-8EEF-453C-ADC8-702702750FC1}.Release|x86.Build.0 = Release|Any CPU
		{128926E9-FCAC-4FD7-BE2C-0F9107634A89}.Debug|Any CPU.ActiveCfg = Debug|Any CPU
		{128926E9-FCAC-4FD7-BE2C-0F9107634A89}.Debug|Any CPU.Build.0 = Debug|Any CPU
		{128926E9-FCAC-4FD7-BE2C-0F9107634A89}.Debug|x64.ActiveCfg = Debug|Any CPU
		{128926E9-FCAC-4FD7-BE2C-0F9107634A89}.Debug|x64.Build.0 = Debug|Any CPU
		{128926E9-FCAC-4FD7-BE2C-0F9107634A89}.Debug|x86.ActiveCfg = Debug|Any CPU
		{128926E9-FCAC-4FD7-BE2C-0F9107634A89}.Debug|x86.Build.0 = Debug|Any CPU
		{128926E9-FCAC-4FD7-BE2C-0F9107634A89}.Release|Any CPU.ActiveCfg = Release|Any CPU
		{128926E9-FCAC-4FD7-BE2C-0F9107634A89}.Release|Any CPU.Build.0 = Release|Any CPU
		{128926E9-FCAC-4FD7-BE2C-0F9107634A89}.Release|x64.ActiveCfg = Release|Any CPU
		{128926E9-FCAC-4FD7-BE2C-0F9107634A89}.Release|x64.Build.0 = Release|Any CPU
		{128926E9-FCAC-4FD7-BE2C-0F9107634A89}.Release|x86.ActiveCfg = Release|Any CPU
		{128926E9-FCAC-4FD7-BE2C-0F9107634A89}.Release|x86.Build.0 = Release|Any CPU
		{6B546CD6-C06A-4AA2-951E-941DD40500C7}.Debug|Any CPU.ActiveCfg = Debug|Any CPU
		{6B546CD6-C06A-4AA2-951E-941DD40500C7}.Debug|Any CPU.Build.0 = Debug|Any CPU
		{6B546CD6-C06A-4AA2-951E-941DD40500C7}.Debug|x64.ActiveCfg = Debug|Any CPU
		{6B546CD6-C06A-4AA2-951E-941DD40500C7}.Debug|x64.Build.0 = Debug|Any CPU
		{6B546CD6-C06A-4AA2-951E-941DD40500C7}.Debug|x86.ActiveCfg = Debug|Any CPU
		{6B546CD6-C06A-4AA2-951E-941DD40500C7}.Debug|x86.Build.0 = Debug|Any CPU
		{6B546CD6-C06A-4AA2-951E-941DD40500C7}.Release|Any CPU.ActiveCfg = Release|Any CPU
		{6B546CD6-C06A-4AA2-951E-941DD40500C7}.Release|Any CPU.Build.0 = Release|Any CPU
		{6B546CD6-C06A-4AA2-951E-941DD40500C7}.Release|x64.ActiveCfg = Release|Any CPU
		{6B546CD6-C06A-4AA2-951E-941DD40500C7}.Release|x64.Build.0 = Release|Any CPU
		{6B546CD6-C06A-4AA2-951E-941DD40500C7}.Release|x86.ActiveCfg = Release|Any CPU
		{6B546CD6-C06A-4AA2-951E-941DD40500C7}.Release|x86.Build.0 = Release|Any CPU
	EndGlobalSection
	GlobalSection(SolutionProperties) = preSolution
		HideSolutionNode = FALSE
	EndGlobalSection
	GlobalSection(NestedProjects) = preSolution
		{F5F214C9-1856-419A-8710-928B2F758BFF} = {827E0CD3-B72D-47B6-A68D-7590B98EB39B}
		{7B4C7147-8EEF-453C-ADC8-702702750FC1} = {827E0CD3-B72D-47B6-A68D-7590B98EB39B}
		{128926E9-FCAC-4FD7-BE2C-0F9107634A89} = {827E0CD3-B72D-47B6-A68D-7590B98EB39B}
		{6B546CD6-C06A-4AA2-951E-941DD40500C7} = {827E0CD3-B72D-47B6-A68D-7590B98EB39B}
	EndGlobalSection
EndGlobal
